
Microsoft Visual Studio Solution File, Format Version 12.00
# Visual Studio Version 17
VisualStudioVersion = 17.14.36203.30 d17.14
MinimumVisualStudioVersion = 10.0.40219.1
Project("{00D1A9C2-B5F0-4AF3-8072-F6C62B433612}") = "dba_test1", "dba_test1.sqlproj", "{3E20F633-5530-464A-905F-89027890BA0D}"
EndProject
Global
	GlobalSection(SolutionConfigurationPlatforms) = preSolution
		Debug|Any CPU = Debug|Any CPU
		Release|Any CPU = Release|Any CPU
	EndGlobalSection
	GlobalSection(ProjectConfigurationPlatforms) = postSolution
		{3E20F633-5530-464A-905F-89027890BA0D}.Debug|Any CPU.ActiveCfg = Debug|Any CPU
		{3E20F633-5530-464A-905F-89027890BA0D}.Debug|Any CPU.Build.0 = Debug|Any CPU
		{3E20F633-5530-464A-905F-89027890BA0D}.Debug|Any CPU.Deploy.0 = Debug|Any CPU
		{3E20F633-5530-464A-905F-89027890BA0D}.Release|Any CPU.ActiveCfg = Release|Any CPU
		{3E20F633-5530-464A-905F-89027890BA0D}.Release|Any CPU.Build.0 = Release|Any CPU
		{3E20F633-5530-464A-905F-89027890BA0D}.Release|Any CPU.Deploy.0 = Release|Any CPU
	EndGlobalSection
	GlobalSection(SolutionProperties) = preSolution
		HideSolutionNode = FALSE
	EndGlobalSection
	GlobalSection(ExtensibilityGlobals) = postSolution
		SolutionGuid = {F9D202D9-66D1-406D-8327-D1BA5BA4D6B5}
	EndGlobalSection
EndGlobal
